{
    "_meta": {
        "hash": {
            "sha256": "7e125f787bc368db9f63daf8c95bc90e806883aca420445f8cd1b5e579d832fb"
        },
        "pipfile-spec": 6,
        "requires": {
            "python_version": "3.10"
        },
        "sources": [
            {
                "name": "pypi",
                "url": "https://pypi.org/simple",
                "verify_ssl": true
            }
        ]
    },
    "default": {
        "aiofiles": {
            "hashes": [
                "sha256:19297512c647d4b27a2cf7c34caa7e405c0d60b5560618a29a9fe027b18b0107",
                "sha256:84ec2218d8419404abcb9f0c02df3f34c6e0a68ed41072acfb1cef5cbc29051a"
            ],
            "index": "pypi",
            "version": "==23.2.1"
        },
        "amqp": {
            "hashes": [
                "sha256:827cb12fb0baa892aad844fd95258143bce4027fdac4fccddbc43330fd281637",
                "sha256:a1ecff425ad063ad42a486c902807d1482311481c8ad95a72694b2975e75f7fd"
            ],
            "index": "pypi",
            "version": "==5.2.0"
        },
        "anyio": {
            "hashes": [
                "sha256:048e05d0f6caeed70d731f3db756d35dcc1f35747c8c403364a8332c630441b8",
                "sha256:f75253795a87df48568485fd18cdd2a3fa5c4f7c5be8e5e36637733fce06fed6"
            ],
            "index": "pypi",
            "version": "==4.3.0"
        },
        "apscheduler": {
            "hashes": [
                "sha256:e6df071b27d9be898e486bc7940a7be50b4af2e9da7c08f0744a96d4bd4cef4a",
                "sha256:fb91e8a768632a4756a585f79ec834e0e27aad5860bac7eaa523d9ccefd87661"
            ],
            "index": "pypi",
            "version": "==3.10.4"
        },
        "asgiref": {
            "hashes": [
                "sha256:3e1e3ecc849832fe52ccf2cb6686b7a55f82bb1d6aee72a58826471390335e47",
                "sha256:c343bd80a0bec947a9860adb4c432ffa7db769836c64238fc34bdc3fec84d590"
            ],
            "index": "pypi",
            "version": "==3.8.1"
        },
        "async-timeout": {
            "hashes": [
                "sha256:4640d96be84d82d02ed59ea2b7105a0f7b33abe8703703cd0ab0bf87c427522f",
                "sha256:7405140ff1230c310e51dc27b3145b9092d659ce68ff733fb0cefe3ee42be028"
            ],
            "index": "pypi",
            "version": "==4.0.3"
        },
        "autopep8": {
            "hashes": [
                "sha256:8d6c87eba648fdcfc83e29b788910b8643171c395d9c4bcf115ece035b9c9dda",
                "sha256:a203fe0fcad7939987422140ab17a930f684763bf7335bdb6709991dd7ef6c2d"
            ],
            "index": "pypi",
            "version": "==2.3.1"
        },
        "billiard": {
            "hashes": [
                "sha256:07aa978b308f334ff8282bd4a746e681b3513db5c9a514cbdd810cbbdc19714d",
                "sha256:9a3c3184cb275aa17a732f93f65b20c525d3d9f253722d26a82194803ade5a2c"
            ],
            "index": "pypi",
            "version": "==4.2.0"
        },
        "celery": {
            "hashes": [
                "sha256:369631eb580cf8c51a82721ec538684994f8277637edde2dfc0dacd73ed97f64",
                "sha256:504a19140e8d3029d5acad88330c541d4c3f64c789d85f94756762d8bca7e706"
            ],
            "index": "pypi",
            "version": "==5.4.0"
        },
        "certifi": {
            "hashes": [
                "sha256:0569859f95fc761b18b45ef421b1290a0f65f147e92a1e5eb3e635f9a5e4e66f",
                "sha256:dc383c07b76109f368f6106eee2b593b04a011ea4d55f652c6ca24a754d1cdd1"
            ],
            "index": "pypi",
            "version": "==2024.2.2"
        },
        "channels": {
            "hashes": [
                "sha256:a3c4419307f582c3f71d67bfb6eff748ae819c2f360b9b141694d84f242baa48",
                "sha256:e0ed375719f5c1851861f05ed4ce78b0166f9245ca0ecd836cb77d4bb531489d"
            ],
            "index": "pypi",
            "version": "==4.1.0"
        },
        "charset-normalizer": {
            "hashes": [
                "sha256:06435b539f889b1f6f4ac1758871aae42dc3a8c0e24ac9e60c2384973ad73027",
                "sha256:06a81e93cd441c56a9b65d8e1d043daeb97a3d0856d177d5c90ba85acb3db087",
                "sha256:0a55554a2fa0d408816b3b5cedf0045f4b8e1a6065aec45849de2d6f3f8e9786",
                "sha256:0b2b64d2bb6d3fb9112bafa732def486049e63de9618b5843bcdd081d8144cd8",
                "sha256:10955842570876604d404661fbccbc9c7e684caf432c09c715ec38fbae45ae09",
                "sha256:122c7fa62b130ed55f8f285bfd56d5f4b4a5b503609d181f9ad85e55c89f4185",
                "sha256:1ceae2f17a9c33cb48e3263960dc5fc8005351ee19db217e9b1bb15d28c02574",
                "sha256:1d3193f4a680c64b4b6a9115943538edb896edc190f0b222e73761716519268e",
                "sha256:1f79682fbe303db92bc2b1136016a38a42e835d932bab5b3b1bfcfbf0640e519",
                "sha256:2127566c664442652f024c837091890cb1942c30937add288223dc895793f898",
                "sha256:22afcb9f253dac0696b5a4be4a1c0f8762f8239e21b99680099abd9b2b1b2269",
                "sha256:25baf083bf6f6b341f4121c2f3c548875ee6f5339300e08be3f2b2ba1721cdd3",
                "sha256:2e81c7b9c8979ce92ed306c249d46894776a909505d8f5a4ba55b14206e3222f",
                "sha256:3287761bc4ee9e33561a7e058c72ac0938c4f57fe49a09eae428fd88aafe7bb6",
                "sha256:34d1c8da1e78d2e001f363791c98a272bb734000fcef47a491c1e3b0505657a8",
                "sha256:37e55c8e51c236f95b033f6fb391d7d7970ba5fe7ff453dad675e88cf303377a",
                "sha256:3d47fa203a7bd9c5b6cee4736ee84ca03b8ef23193c0d1ca99b5089f72645c73",
                "sha256:3e4d1f6587322d2788836a99c69062fbb091331ec940e02d12d179c1d53e25fc",
                "sha256:42cb296636fcc8b0644486d15c12376cb9fa75443e00fb25de0b8602e64c1714",
                "sha256:45485e01ff4d3630ec0d9617310448a8702f70e9c01906b0d0118bdf9d124cf2",
                "sha256:4a78b2b446bd7c934f5dcedc588903fb2f5eec172f3d29e52a9096a43722adfc",
                "sha256:4ab2fe47fae9e0f9dee8c04187ce5d09f48eabe611be8259444906793ab7cbce",
                "sha256:4d0d1650369165a14e14e1e47b372cfcb31d6ab44e6e33cb2d4e57265290044d",
                "sha256:549a3a73da901d5bc3ce8d24e0600d1fa85524c10287f6004fbab87672bf3e1e",
                "sha256:55086ee1064215781fff39a1af09518bc9255b50d6333f2e4c74ca09fac6a8f6",
                "sha256:572c3763a264ba47b3cf708a44ce965d98555f618ca42c926a9c1616d8f34269",
                "sha256:573f6eac48f4769d667c4442081b1794f52919e7edada77495aaed9236d13a96",
                "sha256:5b4c145409bef602a690e7cfad0a15a55c13320ff7a3ad7ca59c13bb8ba4d45d",
                "sha256:6463effa3186ea09411d50efc7d85360b38d5f09b870c48e4600f63af490e56a",
                "sha256:65f6f63034100ead094b8744b3b97965785388f308a64cf8d7c34f2f2e5be0c4",
                "sha256:663946639d296df6a2bb2aa51b60a2454ca1cb29835324c640dafb5ff2131a77",
                "sha256:6897af51655e3691ff853668779c7bad41579facacf5fd7253b0133308cf000d",
                "sha256:68d1f8a9e9e37c1223b656399be5d6b448dea850bed7d0f87a8311f1ff3dabb0",
                "sha256:6ac7ffc7ad6d040517be39eb591cac5ff87416c2537df6ba3cba3bae290c0fed",
                "sha256:6b3251890fff30ee142c44144871185dbe13b11bab478a88887a639655be1068",
                "sha256:6c4caeef8fa63d06bd437cd4bdcf3ffefe6738fb1b25951440d80dc7df8c03ac",
                "sha256:6ef1d82a3af9d3eecdba2321dc1b3c238245d890843e040e41e470ffa64c3e25",
                "sha256:753f10e867343b4511128c6ed8c82f7bec3bd026875576dfd88483c5c73b2fd8",
                "sha256:7cd13a2e3ddeed6913a65e66e94b51d80a041145a026c27e6bb76c31a853c6ab",
                "sha256:7ed9e526742851e8d5cc9e6cf41427dfc6068d4f5a3bb03659444b4cabf6bc26",
                "sha256:7f04c839ed0b6b98b1a7501a002144b76c18fb1c1850c8b98d458ac269e26ed2",
                "sha256:802fe99cca7457642125a8a88a084cef28ff0cf9407060f7b93dca5aa25480db",
                "sha256:80402cd6ee291dcb72644d6eac93785fe2c8b9cb30893c1af5b8fdd753b9d40f",
                "sha256:8465322196c8b4d7ab6d1e049e4c5cb460d0394da4a27d23cc242fbf0034b6b5",
                "sha256:86216b5cee4b06df986d214f664305142d9c76df9b6512be2738aa72a2048f99",
                "sha256:87d1351268731db79e0f8e745d92493ee2841c974128ef629dc518b937d9194c",
                "sha256:8bdb58ff7ba23002a4c5808d608e4e6c687175724f54a5dade5fa8c67b604e4d",
                "sha256:8c622a5fe39a48f78944a87d4fb8a53ee07344641b0562c540d840748571b811",
                "sha256:8d756e44e94489e49571086ef83b2bb8ce311e730092d2c34ca8f7d925cb20aa",
                "sha256:8f4a014bc36d3c57402e2977dada34f9c12300af536839dc38c0beab8878f38a",
                "sha256:9063e24fdb1e498ab71cb7419e24622516c4a04476b17a2dab57e8baa30d6e03",
                "sha256:90d558489962fd4918143277a773316e56c72da56ec7aa3dc3dbbe20fdfed15b",
                "sha256:923c0c831b7cfcb071580d3f46c4baf50f174be571576556269530f4bbd79d04",
                "sha256:95f2a5796329323b8f0512e09dbb7a1860c46a39da62ecb2324f116fa8fdc85c",
                "sha256:96b02a3dc4381e5494fad39be677abcb5e6634bf7b4fa83a6dd3112607547001",
                "sha256:9f96df6923e21816da7e0ad3fd47dd8f94b2a5ce594e00677c0013018b813458",
                "sha256:a10af20b82360ab00827f916a6058451b723b4e65030c5a18577c8b2de5b3389",
                "sha256:a50aebfa173e157099939b17f18600f72f84eed3049e743b68ad15bd69b6bf99",
                "sha256:a981a536974bbc7a512cf44ed14938cf01030a99e9b3a06dd59578882f06f985",
                "sha256:a9a8e9031d613fd2009c182b69c7b2c1ef8239a0efb1df3f7c8da66d5dd3d537",
                "sha256:ae5f4161f18c61806f411a13b0310bea87f987c7d2ecdbdaad0e94eb2e404238",
                "sha256:aed38f6e4fb3f5d6bf81bfa990a07806be9d83cf7bacef998ab1a9bd660a581f",
                "sha256:b01b88d45a6fcb69667cd6d2f7a9aeb4bf53760d7fc536bf679ec94fe9f3ff3d",
                "sha256:b261ccdec7821281dade748d088bb6e9b69e6d15b30652b74cbbac25e280b796",
                "sha256:b2b0a0c0517616b6869869f8c581d4eb2dd83a4d79e0ebcb7d373ef9956aeb0a",
                "sha256:b4a23f61ce87adf89be746c8a8974fe1c823c891d8f86eb218bb957c924bb143",
                "sha256:bd8f7df7d12c2db9fab40bdd87a7c09b1530128315d047a086fa3ae3435cb3a8",
                "sha256:beb58fe5cdb101e3a055192ac291b7a21e3b7ef4f67fa1d74e331a7f2124341c",
                "sha256:c002b4ffc0be611f0d9da932eb0f704fe2602a9a949d1f738e4c34c75b0863d5",
                "sha256:c083af607d2515612056a31f0a8d9e0fcb5876b7bfc0abad3ecd275bc4ebc2d5",
                "sha256:c180f51afb394e165eafe4ac2936a14bee3eb10debc9d9e4db8958fe36afe711",
                "sha256:c235ebd9baae02f1b77bcea61bce332cb4331dc3617d254df3323aa01ab47bd4",
                "sha256:cd70574b12bb8a4d2aaa0094515df2463cb429d8536cfb6c7ce983246983e5a6",
                "sha256:d0eccceffcb53201b5bfebb52600a5fb483a20b61da9dbc885f8b103cbe7598c",
                "sha256:d965bba47ddeec8cd560687584e88cf699fd28f192ceb452d1d7ee807c5597b7",
                "sha256:db364eca23f876da6f9e16c9da0df51aa4f104a972735574842618b8c6d999d4",
                "sha256:ddbb2551d7e0102e7252db79ba445cdab71b26640817ab1e3e3648dad515003b",
                "sha256:deb6be0ac38ece9ba87dea880e438f25ca3eddfac8b002a2ec3d9183a454e8ae",
                "sha256:e06ed3eb3218bc64786f7db41917d4e686cc4856944f53d5bdf83a6884432e12",
                "sha256:e27ad930a842b4c5eb8ac0016b0a54f5aebbe679340c26101df33424142c143c",
                "sha256:e537484df0d8f426ce2afb2d0f8e1c3d0b114b83f8850e5f2fbea0e797bd82ae",
                "sha256:eb00ed941194665c332bf8e078baf037d6c35d7c4f3102ea2d4f16ca94a26dc8",
                "sha256:eb6904c354526e758fda7167b33005998fb68c46fbc10e013ca97f21ca5c8887",
                "sha256:eb8821e09e916165e160797a6c17edda0679379a4be5c716c260e836e122f54b",
                "sha256:efcb3f6676480691518c177e3b465bcddf57cea040302f9f4e6e191af91174d4",
                "sha256:f27273b60488abe721a075bcca6d7f3964f9f6f067c8c4c605743023d7d3944f",
                "sha256:f30c3cb33b24454a82faecaf01b19c18562b1e89558fb6c56de4d9118a032fd5",
                "sha256:fb69256e180cb6c8a894fee62b3afebae785babc1ee98b81cdf68bbca1987f33",
                "sha256:fd1abc0d89e30cc4e02e4064dc67fcc51bd941eb395c502aac3ec19fab46b519",
                "sha256:ff8fa367d09b717b2a17a052544193ad76cd49979c805768879cb63d9ca50561"
            ],
            "index": "pypi",
            "version": "==3.3.2"
        },
        "click": {
            "hashes": [
                "sha256:ae74fb96c20a0277a1d615f1e4d73c8414f5a98db8b799a7931d1582f3390c28",
                "sha256:ca9853ad459e787e2192211578cc907e7594e294c7ccc834310722b41b9ca6de"
            ],
            "index": "pypi",
            "version": "==8.1.7"
        },
        "click-didyoumean": {
            "hashes": [
                "sha256:4f82fdff0dbe64ef8ab2279bd6aa3f6a99c3b28c05aa09cbfc07c9d7fbb5a463",
                "sha256:5c4bb6007cfea5f2fd6583a2fb6701a22a41eb98957e63d0fac41c10e7c3117c"
            ],
            "index": "pypi",
            "version": "==0.3.1"
        },
        "click-plugins": {
            "hashes": [
                "sha256:46ab999744a9d831159c3411bb0c79346d94a444df9a3a3742e9ed63645f264b",
                "sha256:5d262006d3222f5057fd81e1623d4443e41dcda5dc815c06b442aa3c02889fc8"
            ],
            "index": "pypi",
            "version": "==1.1.1"
        },
        "click-repl": {
            "hashes": [
                "sha256:17849c23dba3d667247dc4defe1757fff98694e90fe37474f3feebb69ced26a9",
                "sha256:fb7e06deb8da8de86180a33a9da97ac316751c094c6899382da7feeeeb51b812"
            ],
            "index": "pypi",
            "version": "==0.3.0"
        },
        "distlib": {
            "hashes": [
                "sha256:034db59a0b96f8ca18035f36290806a9a6e6bd9d1ff91e45a7f172eb17e51784",
                "sha256:1530ea13e350031b6312d8580ddb6b27a104275a31106523b8f123787f494f64"
            ],
            "index": "pypi",
            "version": "==0.3.8"
        },
        "django": {
            "hashes": [
                "sha256:1ddc333a16fc139fd253035a1606bb24261951bbc3a6ca256717fa06cc41a898",
                "sha256:6f1616c2786c408ce86ab7e10f792b8f15742f7b7b7460243929cb371e7f1dad"
            ],
            "index": "pypi",
            "version": "==4.2.16"
        },
        "django-apscheduler": {
            "hashes": [
                "sha256:60ced2c07b531b0477076dfef2d6de4790a983a4bbd75fae5e387ac360e9c8fd",
                "sha256:d30a05be98e01c12aa50d0a7afd8d0fd529c874d1c75af20891b6417d2f36475"
            ],
            "index": "pypi",
            "version": "==0.6.2"
        },
        "django-cors-headers": {
            "hashes": [
                "sha256:0b1fd19297e37417fc9f835d39e45c8c642938ddba1acce0c1753d3edef04f36",
                "sha256:0bf65ef45e606aff1994d35503e6b677c0b26cafff6506f8fd7187f3be840207"
            ],
            "index": "pypi",
            "version": "==4.3.1"
        },
        "django-jazzmin": {
            "hashes": [
                "sha256:424ac3e0f7bfd9ce973b581a66abde92035ba6c5b17605615fdf6bd97c4dcb33",
                "sha256:95ef5d7571519c4c53c24083ec417a0db126aaf1d7dc7311e034a90e430392b3"
            ],
            "index": "pypi",
            "version": "==3.0.0"
        },
        "djangorestframework": {
            "hashes": [
                "sha256:3ccc0475bce968608cf30d07fb17d8e52d1d7fc8bfe779c905463200750cbca6",
                "sha256:f88fad74183dfc7144b2756d0d2ac716ea5b4c7c9840995ac3bfd8ec034333c1"
            ],
            "index": "pypi",
            "version": "==3.15.1"
        },
        "exceptiongroup": {
            "hashes": [
                "sha256:5258b9ed329c5bbdd31a309f53cbfb0b155341807f6ff7606a1e801a891b29ad",
                "sha256:a4785e48b045528f5bfe627b6ad554ff32def154f42372786903b7abcfe1aa16"
            ],
            "index": "pypi",
            "version": "==1.2.1"
        },
        "filelock": {
            "hashes": [
                "sha256:43339835842f110ca7ae60f1e1c160714c5a6afd15a2873419ab185334975c0f",
                "sha256:6ea72da3be9b8c82afd3edcf99f2fffbb5076335a5ae4d03248bb5b6c3eae78a"
            ],
            "index": "pypi",
            "version": "==3.14.0"
        },
        "h11": {
            "hashes": [
                "sha256:8f19fbbe99e72420ff35c00b27a34cb9937e902a8b810e2c88300c6f0a3b699d",
                "sha256:e3fe4ac4b851c468cc8363d500db52c2ead036020723024a109d37346efaa761"
            ],
            "index": "pypi",
            "version": "==0.14.0"
        },
        "httpcore": {
            "hashes": [
                "sha256:34a38e2f9291467ee3b44e89dd52615370e152954ba21721378a87b2960f7a61",
                "sha256:421f18bac248b25d310f3cacd198d55b8e6125c107797b609ff9b7a6ba7991b5"
            ],
            "index": "pypi",
            "version": "==1.0.5"
        },
        "httpx": {
            "hashes": [
                "sha256:71d5465162c13681bff01ad59b2cc68dd838ea1f10e51574bac27103f00c91a5",
                "sha256:a0cb88a46f32dc874e04ee956e4c2764aba2aa228f650b06788ba6bda2962ab5"
            ],
            "index": "pypi",
            "version": "==0.27.0"
        },
        "idna": {
            "hashes": [
                "sha256:028ff3aadf0609c1fd278d8ea3089299412a7a8b9bd005dd08b9f8285bcb5cfc",
                "sha256:82fee1fc78add43492d3a1898bfa6d8a904cc97d8427f683ed8e798d07761aa0"
            ],
            "index": "pypi",
            "version": "==3.7"
        },
        "kombu": {
            "hashes": [
                "sha256:011c4cd9a355c14a1de8d35d257314a1d2456d52b7140388561acac3cf1a97bf",
                "sha256:5634c511926309c7f9789f1433e9ed402616b56836ef9878f01bd59267b4c7a9"
            ],
            "index": "pypi",
            "version": "==5.3.7"
        },
        "pipenv": {
            "hashes": [
                "sha256:4aea73e23944e464ad2b849328e780ad121c5336e1c24a7ac15aa493c41c2341",
                "sha256:96c8af7c36691fbc648959f3f631954212398246c8cfcfa529ec09bc5d0bfd01"
            ],
            "index": "pypi",
            "version": "==2023.12.1"
        },
        "platformdirs": {
            "hashes": [
                "sha256:2d7a1657e36a80ea911db832a8a6ece5ee53d8de21edd5cc5879af6530b1bfee",
                "sha256:38b7b51f512eed9e84a22788b4bce1de17c0adb134d6becb09836e37d8654cd3"
            ],
            "index": "pypi",
            "version": "==4.2.2"
        },
        "prompt-toolkit": {
            "hashes": [
                "sha256:3527b7af26106cbc65a040bcc84839a3566ec1b051bb0bfe953631e704b0ff7d",
                "sha256:a11a29cb3bf0a28a387fe5122cdb649816a957cd9261dcedf8c9f1fef33eacf6"
            ],
            "index": "pypi",
            "version": "==3.0.43"
        },
        "psycopg2-binary": {
            "hashes": [
                "sha256:03ef7df18daf2c4c07e2695e8cfd5ee7f748a1d54d802330985a78d2a5a6dca9",
                "sha256:0a602ea5aff39bb9fac6308e9c9d82b9a35c2bf288e184a816002c9fae930b77",
                "sha256:0c009475ee389757e6e34611d75f6e4f05f0cf5ebb76c6037508318e1a1e0d7e",
                "sha256:0ef4854e82c09e84cc63084a9e4ccd6d9b154f1dbdd283efb92ecd0b5e2b8c84",
                "sha256:1236ed0952fbd919c100bc839eaa4a39ebc397ed1c08a97fc45fee2a595aa1b3",
                "sha256:143072318f793f53819048fdfe30c321890af0c3ec7cb1dfc9cc87aa88241de2",
                "sha256:15208be1c50b99203fe88d15695f22a5bed95ab3f84354c494bcb1d08557df67",
                "sha256:1873aade94b74715be2246321c8650cabf5a0d098a95bab81145ffffa4c13876",
                "sha256:18d0ef97766055fec15b5de2c06dd8e7654705ce3e5e5eed3b6651a1d2a9a152",
                "sha256:1ea665f8ce695bcc37a90ee52de7a7980be5161375d42a0b6c6abedbf0d81f0f",
                "sha256:2293b001e319ab0d869d660a704942c9e2cce19745262a8aba2115ef41a0a42a",
                "sha256:246b123cc54bb5361588acc54218c8c9fb73068bf227a4a531d8ed56fa3ca7d6",
                "sha256:275ff571376626195ab95a746e6a04c7df8ea34638b99fc11160de91f2fef503",
                "sha256:281309265596e388ef483250db3640e5f414168c5a67e9c665cafce9492eda2f",
                "sha256:2d423c8d8a3c82d08fe8af900ad5b613ce3632a1249fd6a223941d0735fce493",
                "sha256:2e5afae772c00980525f6d6ecf7cbca55676296b580c0e6abb407f15f3706996",
                "sha256:30dcc86377618a4c8f3b72418df92e77be4254d8f89f14b8e8f57d6d43603c0f",
                "sha256:31a34c508c003a4347d389a9e6fcc2307cc2150eb516462a7a17512130de109e",
                "sha256:323ba25b92454adb36fa425dc5cf6f8f19f78948cbad2e7bc6cdf7b0d7982e59",
                "sha256:34eccd14566f8fe14b2b95bb13b11572f7c7d5c36da61caf414d23b91fcc5d94",
                "sha256:3a58c98a7e9c021f357348867f537017057c2ed7f77337fd914d0bedb35dace7",
                "sha256:3f78fd71c4f43a13d342be74ebbc0666fe1f555b8837eb113cb7416856c79682",
                "sha256:4154ad09dac630a0f13f37b583eae260c6aa885d67dfbccb5b02c33f31a6d420",
                "sha256:420f9bbf47a02616e8554e825208cb947969451978dceb77f95ad09c37791dae",
                "sha256:4686818798f9194d03c9129a4d9a702d9e113a89cb03bffe08c6cf799e053291",
                "sha256:57fede879f08d23c85140a360c6a77709113efd1c993923c59fde17aa27599fe",
                "sha256:60989127da422b74a04345096c10d416c2b41bd7bf2a380eb541059e4e999980",
                "sha256:64cf30263844fa208851ebb13b0732ce674d8ec6a0c86a4e160495d299ba3c93",
                "sha256:68fc1f1ba168724771e38bee37d940d2865cb0f562380a1fb1ffb428b75cb692",
                "sha256:6e6f98446430fdf41bd36d4faa6cb409f5140c1c2cf58ce0bbdaf16af7d3f119",
                "sha256:729177eaf0aefca0994ce4cffe96ad3c75e377c7b6f4efa59ebf003b6d398716",
                "sha256:72dffbd8b4194858d0941062a9766f8297e8868e1dd07a7b36212aaa90f49472",
                "sha256:75723c3c0fbbf34350b46a3199eb50638ab22a0228f93fb472ef4d9becc2382b",
                "sha256:77853062a2c45be16fd6b8d6de2a99278ee1d985a7bd8b103e97e41c034006d2",
                "sha256:78151aa3ec21dccd5cdef6c74c3e73386dcdfaf19bced944169697d7ac7482fc",
                "sha256:7f01846810177d829c7692f1f5ada8096762d9172af1b1a28d4ab5b77c923c1c",
                "sha256:804d99b24ad523a1fe18cc707bf741670332f7c7412e9d49cb5eab67e886b9b5",
                "sha256:81ff62668af011f9a48787564ab7eded4e9fb17a4a6a74af5ffa6a457400d2ab",
                "sha256:8359bf4791968c5a78c56103702000105501adb557f3cf772b2c207284273984",
                "sha256:83791a65b51ad6ee6cf0845634859d69a038ea9b03d7b26e703f94c7e93dbcf9",
                "sha256:8532fd6e6e2dc57bcb3bc90b079c60de896d2128c5d9d6f24a63875a95a088cf",
                "sha256:876801744b0dee379e4e3c38b76fc89f88834bb15bf92ee07d94acd06ec890a0",
                "sha256:8dbf6d1bc73f1d04ec1734bae3b4fb0ee3cb2a493d35ede9badbeb901fb40f6f",
                "sha256:8f8544b092a29a6ddd72f3556a9fcf249ec412e10ad28be6a0c0d948924f2212",
                "sha256:911dda9c487075abd54e644ccdf5e5c16773470a6a5d3826fda76699410066fb",
                "sha256:977646e05232579d2e7b9c59e21dbe5261f403a88417f6a6512e70d3f8a046be",
                "sha256:9dba73be7305b399924709b91682299794887cbbd88e38226ed9f6712eabee90",
                "sha256:a148c5d507bb9b4f2030a2025c545fccb0e1ef317393eaba42e7eabd28eb6041",
                "sha256:a6cdcc3ede532f4a4b96000b6362099591ab4a3e913d70bcbac2b56c872446f7",
                "sha256:ac05fb791acf5e1a3e39402641827780fe44d27e72567a000412c648a85ba860",
                "sha256:b0605eaed3eb239e87df0d5e3c6489daae3f7388d455d0c0b4df899519c6a38d",
                "sha256:b58b4710c7f4161b5e9dcbe73bb7c62d65670a87df7bcce9e1faaad43e715245",
                "sha256:b6356793b84728d9d50ead16ab43c187673831e9d4019013f1402c41b1db9b27",
                "sha256:b76bedd166805480ab069612119ea636f5ab8f8771e640ae103e05a4aae3e417",
                "sha256:bc7bb56d04601d443f24094e9e31ae6deec9ccb23581f75343feebaf30423359",
                "sha256:c2470da5418b76232f02a2fcd2229537bb2d5a7096674ce61859c3229f2eb202",
                "sha256:c332c8d69fb64979ebf76613c66b985414927a40f8defa16cf1bc028b7b0a7b0",
                "sha256:c6af2a6d4b7ee9615cbb162b0738f6e1fd1f5c3eda7e5da17861eacf4c717ea7",
                "sha256:c77e3d1862452565875eb31bdb45ac62502feabbd53429fdc39a1cc341d681ba",
                "sha256:ca08decd2697fdea0aea364b370b1249d47336aec935f87b8bbfd7da5b2ee9c1",
                "sha256:ca49a8119c6cbd77375ae303b0cfd8c11f011abbbd64601167ecca18a87e7cdd",
                "sha256:cb16c65dcb648d0a43a2521f2f0a2300f40639f6f8c1ecbc662141e4e3e1ee07",
                "sha256:d2997c458c690ec2bc6b0b7ecbafd02b029b7b4283078d3b32a852a7ce3ddd98",
                "sha256:d3f82c171b4ccd83bbaf35aa05e44e690113bd4f3b7b6cc54d2219b132f3ae55",
                "sha256:dc4926288b2a3e9fd7b50dc6a1909a13bbdadfc67d93f3374d984e56f885579d",
                "sha256:ead20f7913a9c1e894aebe47cccf9dc834e1618b7aa96155d2091a626e59c972",
                "sha256:ebdc36bea43063116f0486869652cb2ed7032dbc59fbcb4445c4862b5c1ecf7f",
                "sha256:ed1184ab8f113e8d660ce49a56390ca181f2981066acc27cf637d5c1e10ce46e",
                "sha256:ee825e70b1a209475622f7f7b776785bd68f34af6e7a46e2e42f27b659b5bc26",
                "sha256:f7ae5d65ccfbebdfa761585228eb4d0df3a8b15cfb53bd953e713e09fbb12957",
                "sha256:f7fc5a5acafb7d6ccca13bfa8c90f8c51f13d8fb87d95656d3950f0158d3ce53",
                "sha256:f9b5571d33660d5009a8b3c25dc1db560206e2d2f89d3df1cb32d72c0d117d52"
            ],
            "index": "pypi",
            "version": "==2.9.9"
        },
        "pycodestyle": {
            "hashes": [
                "sha256:46f0fb92069a7c28ab7bb558f05bfc0110dac69a0cd23c61ea0040283a9d78b3",
                "sha256:6838eae08bbce4f6accd5d5572075c63626a15ee3e6f842df996bf62f6d73521"
            ],
            "index": "pypi",
            "version": "==2.12.1"
        },
        "python-dateutil": {
            "hashes": [
                "sha256:37dd54208da7e1cd875388217d5e00ebd4179249f90fb72437e91a35459a0ad3",
                "sha256:a8b2bc7bffae282281c8140a97d3aa9c14da0b136dfe83f850eea9a5f7470427"
            ],
            "index": "pypi",
            "version": "==2.9.0.post0"
        },
        "python-dotenv": {
            "hashes": [
                "sha256:e324ee90a023d808f1959c46bcbc04446a10ced277783dc6ee09987c37ec10ca",
                "sha256:f7b63ef50f1b690dddf550d03497b66d609393b40b564ed0d674909a68ebf16a"
            ],
            "index": "pypi",
            "version": "==1.0.1"
        },
        "python-telegram-bot": {
            "hashes": [
                "sha256:aff1d7245f1b0d4d12d41c9acff74e86d7100713c2204cd02ff17f8d80d18846",
                "sha256:bc8537b77ae02531fc2ad440caafc023fd13f13cf19e592dfa1a9ff84988a012"
            ],
            "index": "pypi",
            "version": "==21.7"
        },
        "pytz": {
            "hashes": [
                "sha256:2a29735ea9c18baf14b448846bde5a48030ed267578472d8955cd0e7443a9812",
                "sha256:328171f4e3623139da4983451950b28e95ac706e13f3f2630a879749e7a8b319"
            ],
            "index": "pypi",
            "version": "==2024.1"
        },
        "redis": {
            "hashes": [
                "sha256:7adc2835c7a9b5033b7ad8f8918d09b7344188228809c98df07af226d39dec91",
                "sha256:ec31f2ed9675cc54c21ba854cfe0462e6faf1d83c8ce5944709db8a4700b9c61"
            ],
            "index": "pypi",
            "version": "==5.0.4"
        },
        "requests": {
            "hashes": [
                "sha256:58cd2187c01e70e6e26505bca751777aa9f2ee0b7f4300988b709f44e013003f",
                "sha256:942c5a758f98d790eaed1a29cb6eefc7ffb0d1cf7af05c3d2791656dbd6ad1e1"
            ],
            "index": "pypi",
            "version": "==2.31.0"
        },
        "setuptools": {
            "hashes": [
                "sha256:8199222558df7c86216af4f84c30e9b34a61d8ba19366cc914424cdbd28252f6",
                "sha256:ce74b49e8f7110f9bf04883b730f4765b774ef3ef28f722cce7c273d253aaf7d"
            ],
            "markers": "python_version >= '3.9'",
            "version": "==75.6.0"
        },
        "six": {
            "hashes": [
                "sha256:1e61c37477a1626458e36f7b1d82aa5c9b094fa4802892072e49de9c60c4c926",
                "sha256:8abb2f1d86890a2dfb989f9a77cfcfd3e47c2a354b01111771326f8aa26e0254"
            ],
            "index": "pypi",
            "version": "==1.16.0"
        },
        "sniffio": {
            "hashes": [
                "sha256:2f6da418d1f1e0fddd844478f41680e794e6051915791a034ff65e5f100525a2",
                "sha256:f4324edc670a0f49750a81b895f35c3adb843cca46f0530f79fc1babb23789dc"
            ],
            "index": "pypi",
            "version": "==1.3.1"
        },
        "sqlparse": {
            "hashes": [
                "sha256:714d0a4932c059d16189f58ef5411ec2287a4360f17cdd0edd2d09d4c5087c93",
                "sha256:c204494cd97479d0e39f28c93d46c0b2d5959c7b9ab904762ea6c7af211c8663"
            ],
            "index": "pypi",
            "version": "==0.5.0"
        },
        "tomli": {
            "hashes": [
                "sha256:2ebe24485c53d303f690b0ec092806a085f07af5a5aa1464f3931eec36caaa38",
                "sha256:d46d457a85337051c36524bc5349dd91b1877838e2979ac5ced3e710ed8a60ed"
            ],
            "index": "pypi",
            "version": "==2.0.2"
        },
        "typing-extensions": {
            "hashes": [
                "sha256:83f085bd5ca59c80295fc2a82ab5dac679cbe02b9f33f7d83af68e241bea51b0",
                "sha256:c1f94d72897edaf4ce775bb7558d5b79d8126906a14ea5ed1635921406c0387a"
            ],
            "index": "pypi",
            "version": "==4.11.0"
        },
        "tzdata": {
            "hashes": [
                "sha256:2674120f8d891909751c38abcdfd386ac0a5a1127954fbc332af6b5ceae07efd",
                "sha256:9068bc196136463f5245e51efda838afa15aaeca9903f49050dfa2679db4d252"
            ],
            "index": "pypi",
            "version": "==2024.1"
        },
        "tzlocal": {
            "hashes": [
                "sha256:49816ef2fe65ea8ac19d19aa7a1ae0551c834303d5014c6d5a62e4cbda8047b8",
                "sha256:8d399205578f1a9342816409cc1e46a93ebd5755e39ea2d85334bea911bf0e6e"
            ],
            "index": "pypi",
            "version": "==5.2"
        },
        "urllib3": {
            "hashes": [
                "sha256:450b20ec296a467077128bff42b73080516e71b56ff59a60a02bef2232c4fa9d",
                "sha256:d0570876c61ab9e520d776c38acbbb5b05a776d3f9ff98a5c8fd5162a444cf19"
            ],
            "index": "pypi",
            "version": "==2.2.1"
        },
        "uvicorn": {
            "hashes": [
                "sha256:2c2aac7ff4f4365c206fd773a39bf4ebd1047c238f8b8268ad996829323473de",
                "sha256:6a69214c0b6a087462412670b3ef21224fa48cae0e452b5883e8e8bdfdd11dd0"
            ],
            "index": "pypi",
            "version": "==0.29.0"
        },
        "vine": {
            "hashes": [
                "sha256:40fdf3c48b2cfe1c38a49e9ae2da6fda88e4794c810050a728bd7413811fb1dc",
                "sha256:8b62e981d35c41049211cf62a0a1242d8c1ee9bd15bb196ce38aefd6799e61e0"
            ],
            "index": "pypi",
            "version": "==5.1.0"
        },
        "virtualenv": {
            "hashes": [
                "sha256:82bf0f4eebbb78d36ddaee0283d43fe5736b53880b8a8cdcd37390a07ac3741c",
                "sha256:a624db5e94f01ad993d476b9ee5346fdf7b9de43ccaee0e0197012dc838a0e9b"
            ],
            "index": "pypi",
            "version": "==20.26.2"
        },
        "watchdog": {
            "hashes": [
                "sha256:0120b2fa65732797ffa65fa8ee5540c288aa861d91447df298626d6385a24658",
                "sha256:01ab36cddc836a0f202c66267daaef92ba5c17c7d6436deff0587bb61234c5c9",
                "sha256:0710e9502727f688a7e06d48078545c54485b3d6eb53b171810879d8223c362a",
                "sha256:0834c21efa3e767849b09e667274604c7cdfe30b49eb95d794565c53f4db3c1e",
                "sha256:109daafc5b0f2a98d1fa9475ff9737eb3559d57b18129a36495e20c71de0b44f",
                "sha256:1228cb097e855d1798b550be8f0e9f0cfbac4384f9a3e91f66d250d03e11294e",
                "sha256:16c1aa3377bb1f82c5e24277fcbf4e2cac3c4ce46aaaf7212d53caa9076eb7b7",
                "sha256:1d17ec7e022c34fa7ddc72aa41bf28c9d1207ffb193df18ba4f6fde453725b3c",
                "sha256:1e26f570dd7f5178656affb24d6f0e22ce66c8daf88d4061a27bfb9ac866b40d",
                "sha256:22fcad6168fc43cf0e709bd854be5b8edbb0b260f0a6f28f1ea9baa53c6907f7",
                "sha256:2aa59fab7ff75281778c649557275ca3085eccbdf825a0e2a5ca3810e977afe5",
                "sha256:3c177085c3d210d1c73cb4569442bdaef706ebebc423bd7aed9e90fc12b2e553",
                "sha256:3c2d50fdb86aa6df3973313272f5a17eb26eab29ff5a0bf54b6d34597b4dc4e4",
                "sha256:4fe6780915000743074236b21b6c37419aea71112af62237881bc265589fe463",
                "sha256:663b096368ed7831ac42259919fdb9e0a1f0a8994d972675dfbcca0225e74de1",
                "sha256:685931412978d00a91a193d9018fc9e394e565e8e7a0c275512a80e59c6e85f8",
                "sha256:6c96b1706430839872a3e33b9370ee3f7a0079f6b828129d88498ad1f96a0f45",
                "sha256:6e58eafe9cc5ceebe1562cdb89bacdcd0ef470896e8b0139fe677a5abec243da",
                "sha256:78db0fe0336958fc0e1269545c980b6f33d04d184ba191b2800a8b71d3e971a9",
                "sha256:7e6b0e9b8a9dc3865d65888b5f5222da4ba9c4e09eab13cff5e305e7b7e7248f",
                "sha256:990aedb9e2f336b45a70aed9c014450e7c4a70fd99c5f5b1834d57e1453a177e",
                "sha256:b8d747bf6d8fe5ce89cb1a36c3724d1599bd4cde3f90fcba518e6260c7058a52",
                "sha256:bc16d448a74a929b896ed9578c25756b2125400b19b3258be8d9a681c7ae8e71",
                "sha256:bf3216ec994eabb2212df9861f19056ca0d4cd3516d56cb95801933876519bfe",
                "sha256:c2b4d90962639ae7cee371ea3a8da506831945d4418eee090c53bc38e6648dc6",
                "sha256:cb59ad83a1700304fc1ac7bc53ae9e5cbe9d60a52ed9bba8e2e2d782a201bb2b",
                "sha256:d146331e6b206baa9f6dd40f72b5783ad2302c240df68e7fce196d30588ccf7b",
                "sha256:d1acef802916083f2ad7988efc7decf07e46e266916c0a09d8fb9d387288ea12",
                "sha256:d76efab5248aafbf8a2c2a63cd7b9545e6b346ad1397af8b862a3bb3140787d8",
                "sha256:ff4e957c45c446de34c513eadce01d0b65da7eee47c01dce472dd136124552c9"
            ],
            "index": "pypi",
            "version": "==5.0.0"
        },
        "wcwidth": {
            "hashes": [
                "sha256:3da69048e4540d84af32131829ff948f1e022c1c6bdb8d6102117aac784f6859",
                "sha256:72ea0c06399eb286d978fdedb6923a9eb47e1c486ce63e9b4e64fc18303972b5"
            ],
            "index": "pypi",
            "version": "==0.2.13"
        },
        "zope.event": {
            "hashes": [
                "sha256:2832e95014f4db26c47a13fdaef84cef2f4df37e66b59d8f1f4a8f319a632c26",
                "sha256:bac440d8d9891b4068e2b5a2c5e2c9765a9df762944bda6955f96bb9b91e67cd"
            ],
            "index": "pypi",
            "version": "==5.0"
        },
        "zope.interface": {
            "hashes": [
                "sha256:014bb94fe6bf1786da1aa044eadf65bc6437bcb81c451592987e5be91e70a91e",
                "sha256:01a0b3dd012f584afcf03ed814bce0fc40ed10e47396578621509ac031be98bf",
                "sha256:10cde8dc6b2fd6a1d0b5ca4be820063e46ddba417ab82bcf55afe2227337b130",
                "sha256:187f7900b63845dcdef1be320a523dbbdba94d89cae570edc2781eb55f8c2f86",
                "sha256:1b0c4c90e5eefca2c3e045d9f9ed9f1e2cdbe70eb906bff6b247e17119ad89a1",
                "sha256:22e8a218e8e2d87d4d9342aa973b7915297a08efbebea5b25900c73e78ed468e",
                "sha256:26c9a37fb395a703e39b11b00b9e921c48f82b6e32cc5851ad5d0618cd8876b5",
                "sha256:2bb78c12c1ad3a20c0d981a043d133299117b6854f2e14893b156979ed4e1d2c",
                "sha256:2c3cfb272bcb83650e6695d49ae0d14dd06dc694789a3d929f23758557a23d92",
                "sha256:2f32010ffb87759c6a3ad1c65ed4d2e38e51f6b430a1ca11cee901ec2b42e021",
                "sha256:3c8731596198198746f7ce2a4487a0edcbc9ea5e5918f0ab23c4859bce56055c",
                "sha256:40aa8c8e964d47d713b226c5baf5f13cdf3a3169c7a2653163b17ff2e2334d10",
                "sha256:4137025731e824eee8d263b20682b28a0bdc0508de9c11d6c6be54163e5b7c83",
                "sha256:46034be614d1f75f06e7dcfefba21d609b16b38c21fc912b01a99cb29e58febb",
                "sha256:483e118b1e075f1819b3c6ace082b9d7d3a6a5eb14b2b375f1b80a0868117920",
                "sha256:4d6b229f5e1a6375f206455cc0a63a8e502ed190fe7eb15e94a312dc69d40299",
                "sha256:567d54c06306f9c5b6826190628d66753b9f2b0422f4c02d7c6d2b97ebf0a24e",
                "sha256:5683aa8f2639016fd2b421df44301f10820e28a9b96382a6e438e5c6427253af",
                "sha256:600101f43a7582d5b9504a7c629a1185a849ce65e60fca0f6968dfc4b76b6d39",
                "sha256:62e32f02b3f26204d9c02c3539c802afc3eefb19d601a0987836ed126efb1f21",
                "sha256:69dedb790530c7ca5345899a1b4cb837cc53ba669051ea51e8c18f82f9389061",
                "sha256:72d5efecad16c619a97744a4f0b67ce1bcc88115aa82fcf1dc5be9bb403bcc0b",
                "sha256:8d407e0fd8015f6d5dfad481309638e1968d70e6644e0753f229154667dd6cd5",
                "sha256:a058e6cf8d68a5a19cb5449f42a404f0d6c2778b897e6ce8fadda9cea308b1b0",
                "sha256:a1adc14a2a9d5e95f76df625a9b39f4709267a483962a572e3f3001ef90ea6e6",
                "sha256:a56fe1261230093bfeedc1c1a6cd6f3ec568f9b07f031c9a09f46b201f793a85",
                "sha256:ad4524289d8dbd6fb5aa17aedb18f5643e7d48358f42c007a5ee51a2afc2a7c5",
                "sha256:afa0491a9f154cf8519a02026dc85a416192f4cb1efbbf32db4a173ba28b289a",
                "sha256:bf34840e102d1d0b2d39b1465918d90b312b1119552cebb61a242c42079817b9",
                "sha256:c40df4aea777be321b7e68facb901bc67317e94b65d9ab20fb96e0eb3c0b60a1",
                "sha256:d0e7321557c702bd92dac3c66a2f22b963155fdb4600133b6b29597f62b71b12",
                "sha256:d165d7774d558ea971cb867739fb334faf68fc4756a784e689e11efa3becd59e",
                "sha256:e78a183a3c2f555c2ad6aaa1ab572d1c435ba42f1dc3a7e8c82982306a19b785",
                "sha256:e8fa0fb05083a1a4216b4b881fdefa71c5d9a106e9b094cd4399af6b52873e91",
                "sha256:f83d6b4b22262d9a826c3bd4b2fbfafe1d0000f085ef8e44cd1328eea274ae6a",
                "sha256:f95bebd0afe86b2adc074df29edb6848fc4d474ff24075e2c263d698774e108d"
            ],
            "index": "pypi",
            "version": "==6.3"
        }
    },
    "develop": {}
}
